// !$*UTF8*$!
{
	archiveVersion = 1;
	classes = {
	};
	objectVersion = 77;
	objects = {

/* Begin PBXContainerItemProxy section */
		7BD8538A2CC030DD00A938E6 /* PBXContainerItemProxy */ = {
			isa = PBXContainerItemProxy;
			containerPortal = 7BD853712CC030DB00A938E6 /* Project object */;
			proxyType = 1;
			remoteGlobalIDString = 7BD853782CC030DB00A938E6;
			remoteInfo = ImpossibleGrid;
		};
		7BD853942CC030DD00A938E6 /* PBXContainerItemProxy */ = {
			isa = PBXContainerItemProxy;
			containerPortal = 7BD853712CC030DB00A938E6 /* Project object */;
			proxyType = 1;
			remoteGlobalIDString = 7BD853782CC030DB00A938E6;
			remoteInfo = ImpossibleGrid;
		};
/* End PBXContainerItemProxy section */

/* Begin PBXFileReference section */
		7BD853792CC030DB00A938E6 /* ImpossibleGrid.app */ = {isa = PBXFileReference; explicitFileType = wrapper.application; includeInIndex = 0; path = ImpossibleGrid.app; sourceTree = BUILT_PRODUCTS_DIR; };
		7BD853892CC030DD00A938E6 /* ImpossibleGridTests.xctest */ = {isa = PBXFileReference; explicitFileType = wrapper.cfbundle; includeInIndex = 0; path = ImpossibleGridTests.xctest; sourceTree = BUILT_PRODUCTS_DIR; };
		7BD853932CC030DD00A938E6 /* ImpossibleGridUITests.xctest */ = {isa = PBXFileReference; explicitFileType = wrapper.cfbundle; includeInIndex = 0; path = ImpossibleGridUITests.xctest; sourceTree = BUILT_PRODUCTS_DIR; };
/* End PBXFileReference section */

/* Begin PBXFileSystemSynchronizedRootGroup section */
		7BD8537B2CC030DB00A938E6 /* ImpossibleGrid */ = {
			isa = PBXFileSystemSynchronizedRootGroup;
			path = ImpossibleGrid;
			sourceTree = "<group>";
		};
		7BD8538C2CC030DD00A938E6 /* ImpossibleGridTests */ = {
			isa = PBXFileSystemSynchronizedRootGroup;
			path = ImpossibleGridTests;
			sourceTree = "<group>";
		};
		7BD853962CC030DD00A938E6 /* ImpossibleGridUITests */ = {
			isa = PBXFileSystemSynchronizedRootGroup;
			path = ImpossibleGridUITests;
			sourceTree = "<group>";
		};
/* End PBXFileSystemSynchronizedRootGroup section */

/* Begin PBXFrameworksBuildPhase section */
		7BD853762CC030DB00A938E6 /* Frameworks */ = {
			isa = PBXFrameworksBuildPhase;
			buildActionMask = 2147483647;
			files = (
			);
			runOnlyForDeploymentPostprocessing = 0;
		};
		7BD853862CC030DD00A938E6 /* Frameworks */ = {
			isa = PBXFrameworksBuildPhase;
			buildActionMask = 2147483647;
			files = (
			);
			runOnlyForDeploymentPostprocessing = 0;
		};
		7BD853902CC030DD00A938E6 /* Frameworks */ = {
			isa = PBXFrameworksBuildPhase;
			buildActionMask = 2147483647;
			files = (
			);
			runOnlyForDeploymentPostprocessing = 0;
		};
/* End PBXFrameworksBuildPhase section */

/* Begin PBXGroup section */
		7BD853702CC030DB00A938E6 = {
			isa = PBXGroup;
			children = (
				7BD8537B2CC030DB00A938E6 /* ImpossibleGrid */,
				7BD8538C2CC030DD00A938E6 /* ImpossibleGridTests */,
				7BD853962CC030DD00A938E6 /* ImpossibleGridUITests */,
				7BD8537A2CC030DB00A938E6 /* Products */,
			);
			sourceTree = "<group>";
		};
		7BD8537A2CC030DB00A938E6 /* Products */ = {
			isa = PBXGroup;
			children = (
				7BD853792CC030DB00A938E6 /* ImpossibleGrid.app */,
				7BD853892CC030DD00A938E6 /* ImpossibleGridTests.xctest */,
				7BD853932CC030DD00A938E6 /* ImpossibleGridUITests.xctest */,
			);
			name = Products;
			sourceTree = "<group>";
		};
/* End PBXGroup section */

/* Begin PBXNativeTarget section */
		7BD853782CC030DB00A938E6 /* ImpossibleGrid */ = {
			isa = PBXNativeTarget;
			buildConfigurationList = 7BD8539D2CC030DD00A938E6 /* Build configuration list for PBXNativeTarget "ImpossibleGrid" */;
			buildPhases = (
				7BD853752CC030DB00A938E6 /* Sources */,
				7BD853762CC030DB00A938E6 /* Frameworks */,
				7BD853772CC030DB00A938E6 /* Resources */,
			);
			buildRules = (
			);
			dependencies = (
			);
			fileSystemSynchronizedGroups = (
				7BD8537B2CC030DB00A938E6 /* ImpossibleGrid */,
			);
			name = ImpossibleGrid;
			packageProductDependencies = (
			);
			productName = ImpossibleGrid;
			productReference = 7BD853792CC030DB00A938E6 /* ImpossibleGrid.app */;
			productType = "com.apple.product-type.application";
		};
		7BD853882CC030DD00A938E6 /* ImpossibleGridTests */ = {
			isa = PBXNativeTarget;
			buildConfigurationList = 7BD853A02CC030DD00A938E6 /* Build configuration list for PBXNativeTarget "ImpossibleGridTests" */;
			buildPhases = (
				7BD853852CC030DD00A938E6 /* Sources */,
				7BD853862CC030DD00A938E6 /* Frameworks */,
				7BD853872CC030DD00A938E6 /* Resources */,
			);
			buildRules = (
			);
			dependencies = (
				7BD8538B2CC030DD00A938E6 /* PBXTargetDependency */,
			);
			fileSystemSynchronizedGroups = (
				7BD8538C2CC030DD00A938E6 /* ImpossibleGridTests */,
			);
			name = ImpossibleGridTests;
			packageProductDependencies = (
			);
			productName = ImpossibleGridTests;
			productReference = 7BD853892CC030DD00A938E6 /* ImpossibleGridTests.xctest */;
			productType = "com.apple.product-type.bundle.unit-test";
		};
		7BD853922CC030DD00A938E6 /* ImpossibleGridUITests */ = {
			isa = PBXNativeTarget;
			buildConfigurationList = 7BD853A32CC030DD00A938E6 /* Build configuration list for PBXNativeTarget "ImpossibleGridUITests" */;
			buildPhases = (
				7BD8538F2CC030DD00A938E6 /* Sources */,
				7BD853902CC030DD00A938E6 /* Frameworks */,
				7BD853912CC030DD00A938E6 /* Resources */,
			);
			buildRules = (
			);
			dependencies = (
				7BD853952CC030DD00A938E6 /* PBXTargetDependency */,
			);
			fileSystemSynchronizedGroups = (
				7BD853962CC030DD00A938E6 /* ImpossibleGridUITests */,
			);
			name = ImpossibleGridUITests;
			packageProductDependencies = (
			);
			productName = ImpossibleGridUITests;
			productReference = 7BD853932CC030DD00A938E6 /* ImpossibleGridUITests.xctest */;
			productType = "com.apple.product-type.bundle.ui-testing";
		};
/* End PBXNativeTarget section */

/* Begin PBXProject section */
		7BD853712CC030DB00A938E6 /* Project object */ = {
			isa = PBXProject;
			attributes = {
				BuildIndependentTargetsInParallel = 1;
				LastSwiftUpdateCheck = 1600;
				LastUpgradeCheck = 1600;
				TargetAttributes = {
					7BD853782CC030DB00A938E6 = {
						CreatedOnToolsVersion = 16.0;
					};
					7BD853882CC030DD00A938E6 = {
						CreatedOnToolsVersion = 16.0;
						TestTargetID = 7BD853782CC030DB00A938E6;
					};
					7BD853922CC030DD00A938E6 = {
						CreatedOnToolsVersion = 16.0;
						TestTargetID = 7BD853782CC030DB00A938E6;
					};
				};
			};
			buildConfigurationList = 7BD853742CC030DB00A938E6 /* Build configuration list for PBXProject "ImpossibleGrid" */;
			developmentRegion = en;
			hasScannedForEncodings = 0;
			knownRegions = (
				en,
				Base,
			);
			mainGroup = 7BD853702CC030DB00A938E6;
			minimizedProjectReferenceProxies = 1;
			preferredProjectObjectVersion = 77;
			productRefGroup = 7BD8537A2CC030DB00A938E6 /* Products */;
			projectDirPath = "";
			projectRoot = "";
			targets = (
				7BD853782CC030DB00A938E6 /* ImpossibleGrid */,
				7BD853882CC030DD00A938E6 /* ImpossibleGridTests */,
				7BD853922CC030DD00A938E6 /* ImpossibleGridUITests */,
			);
		};
/* End PBXProject section */

/* Begin PBXResourcesBuildPhase section */
		7BD853772CC030DB00A938E6 /* Resources */ = {
			isa = PBXResourcesBuildPhase;
			buildActionMask = 2147483647;
			files = (
			);
			runOnlyForDeploymentPostprocessing = 0;
		};
		7BD853872CC030DD00A938E6 /* Resources */ = {
			isa = PBXResourcesBuildPhase;
			buildActionMask = 2147483647;
			files = (
			);
			runOnlyForDeploymentPostprocessing = 0;
		};
		7BD853912CC030DD00A938E6 /* Resources */ = {
			isa = PBXResourcesBuildPhase;
			buildActionMask = 2147483647;
			files = (
			);
			runOnlyForDeploymentPostprocessing = 0;
		};
/* End PBXResourcesBuildPhase section */

/* Begin PBXSourcesBuildPhase section */
		7BD853752CC030DB00A938E6 /* Sources */ = {
			isa = PBXSourcesBuildPhase;
			buildActionMask = 2147483647;
			files = (
			);
			runOnlyForDeploymentPostprocessing = 0;
		};
		7BD853852CC030DD00A938E6 /* Sources */ = {
			isa = PBXSourcesBuildPhase;
			buildActionMask = 2147483647;
			files = (
			);
			runOnlyForDeploymentPostprocessing = 0;
		};
		7BD8538F2CC030DD00A938E6 /* Sources */ = {
			isa = PBXSourcesBuildPhase;
			buildActionMask = 2147483647;
			files = (
			);
			runOnlyForDeploymentPostprocessing = 0;
		};
/* End PBXSourcesBuildPhase section */

/* Begin PBXTargetDependency section */
		7BD8538B2CC030DD00A938E6 /* PBXTargetDependency */ = {
			isa = PBXTargetDependency;
			target = 7BD853782CC030DB00A938E6 /* ImpossibleGrid */;
			targetProxy = 7BD8538A2CC030DD00A938E6 /* PBXContainerItemProxy */;
		};
		7BD853952CC030DD00A938E6 /* PBXTargetDependency */ = {
			isa = PBXTargetDependency;
			target = 7BD853782CC030DB00A938E6 /* ImpossibleGrid */;
			targetProxy = 7BD853942CC030DD00A938E6 /* PBXContainerItemProxy */;
		};
/* End PBXTargetDependency section */

/* Begin XCBuildConfiguration section */
		7BD8539B2CC030DD00A938E6 /* Debug */ = {
			isa = XCBuildConfiguration;
			buildSettings = {
				ALWAYS_SEARCH_USER_PATHS = NO;
				ASSETCATALOG_COMPILER_GENERATE_SWIFT_ASSET_SYMBOL_EXTENSIONS = YES;
				CLANG_ANALYZER_NONNULL = YES;
				CLANG_ANALYZER_NUMBER_OBJECT_CONVERSION = YES_AGGRESSIVE;
				CLANG_CXX_LANGUAGE_STANDARD = "gnu++20";
				CLANG_ENABLE_MODULES = YES;
				CLANG_ENABLE_OBJC_ARC = YES;
				CLANG_ENABLE_OBJC_WEAK = YES;
				CLANG_WARN_BLOCK_CAPTURE_AUTORELEASING = YES;
				CLANG_WARN_BOOL_CONVERSION = YES;
				CLANG_WARN_COMMA = YES;
				CLANG_WARN_CONSTANT_CONVERSION = YES;
				CLANG_WARN_DEPRECATED_OBJC_IMPLEMENTATIONS = YES;
				CLANG_WARN_DIRECT_OBJC_ISA_USAGE = YES_ERROR;
				CLANG_WARN_DOCUMENTATION_COMMENTS = YES;
				CLANG_WARN_EMPTY_BODY = YES;
				CLANG_WARN_ENUM_CONVERSION = YES;
				CLANG_WARN_INFINITE_RECURSION = YES;
				CLANG_WARN_INT_CONVERSION = YES;
				CLANG_WARN_NON_LITERAL_NULL_CONVERSION = YES;
				CLANG_WARN_OBJC_IMPLICIT_RETAIN_SELF = YES;
				CLANG_WARN_OBJC_LITERAL_CONVERSION = YES;
				CLANG_WARN_OBJC_ROOT_CLASS = YES_ERROR;
				CLANG_WARN_QUOTED_INCLUDE_IN_FRAMEWORK_HEADER = YES;
				CLANG_WARN_RANGE_LOOP_ANALYSIS = YES;
				CLANG_WARN_STRICT_PROTOTYPES = YES;
				CLANG_WARN_SUSPICIOUS_MOVE = YES;
				CLANG_WARN_UNGUARDED_AVAILABILITY = YES_AGGRESSIVE;
				CLANG_WARN_UNREACHABLE_CODE = YES;
				CLANG_WARN__DUPLICATE_METHOD_MATCH = YES;
				COPY_PHASE_STRIP = NO;
				DEBUG_INFORMATION_FORMAT = dwarf;
				ENABLE_STRICT_OBJC_MSGSEND = YES;
				ENABLE_TESTABILITY = YES;
				ENABLE_USER_SCRIPT_SANDBOXING = YES;
				GCC_C_LANGUAGE_STANDARD = gnu17;
				GCC_DYNAMIC_NO_PIC = NO;
				GCC_NO_COMMON_BLOCKS = YES;
				GCC_OPTIMIZATION_LEVEL = 0;
				GCC_PREPROCESSOR_DEFINITIONS = (
					"DEBUG=1",
					"$(inherited)",
				);
				GCC_WARN_64_TO_32_BIT_CONVERSION = YES;
				GCC_WARN_ABOUT_RETURN_TYPE = YES_ERROR;
				GCC_WARN_UNDECLARED_SELECTOR = YES;
				GCC_WARN_UNINITIALIZED_AUTOS = YES_AGGRESSIVE;
				GCC_WARN_UNUSED_FUNCTION = YES;
				GCC_WARN_UNUSED_VARIABLE = YES;
				IPHONEOS_DEPLOYMENT_TARGET = 18.0;
				LOCALIZATION_PREFERS_STRING_CATALOGS = YES;
				MTL_ENABLE_DEBUG_INFO = INCLUDE_SOURCE;
				MTL_FAST_MATH = YES;
				ONLY_ACTIVE_ARCH = YES;
				SDKROOT = iphoneos;
				SWIFT_ACTIVE_COMPILATION_CONDITIONS = "DEBUG $(inherited)";
				SWIFT_OPTIMIZATION_LEVEL = "-Onone";
			};
			name = Debug;
		};
		7BD8539C2CC030DD00A938E6 /* Release */ = {
			isa = XCBuildConfiguration;
			buildSettings = {
				ALWAYS_SEARCH_USER_PATHS = NO;
				ASSETCATALOG_COMPILER_GENERATE_SWIFT_ASSET_SYMBOL_EXTENSIONS = YES;
				CLANG_ANALYZER_NONNULL = YES;
				CLANG_ANALYZER_NUMBER_OBJECT_CONVERSION = YES_AGGRESSIVE;
				CLANG_CXX_LANGUAGE_STANDARD = "gnu++20";
				CLANG_ENABLE_MODULES = YES;
				CLANG_ENABLE_OBJC_ARC = YES;
				CLANG_ENABLE_OBJC_WEAK = YES;
				CLANG_WARN_BLOCK_CAPTURE_AUTORELEASING = YES;
				CLANG_WARN_BOOL_CONVERSION = YES;
				CLANG_WARN_COMMA = YES;
				CLANG_WARN_CONSTANT_CONVERSION = YES;
				CLANG_WARN_DEPRECATED_OBJC_IMPLEMENTATIONS = YES;
				CLANG_WARN_DIRECT_OBJC_ISA_USAGE = YES_ERROR;
				CLANG_WARN_DOCUMENTATION_COMMENTS = YES;
				CLANG_WARN_EMPTY_BODY = YES;
				CLANG_WARN_ENUM_CONVERSION = YES;
				CLANG_WARN_INFINITE_RECURSION = YES;
				CLANG_WARN_INT_CONVERSION = YES;
				CLANG_WARN_NON_LITERAL_NULL_CONVERSION = YES;
				CLANG_WARN_OBJC_IMPLICIT_RETAIN_SELF = YES;
				CLANG_WARN_OBJC_LITERAL_CONVERSION = YES;
				CLANG_WARN_OBJC_ROOT_CLASS = YES_ERROR;
				CLANG_WARN_QUOTED_INCLUDE_IN_FRAMEWORK_HEADER = YES;
				CLANG_WARN_RANGE_LOOP_ANALYSIS = YES;
				CLANG_WARN_STRICT_PROTOTYPES = YES;
				CLANG_WARN_SUSPICIOUS_MOVE = YES;
				CLANG_WARN_UNGUARDED_AVAILABILITY = YES_AGGRESSIVE;
				CLANG_WARN_UNREACHABLE_CODE = YES;
				CLANG_WARN__DUPLICATE_METHOD_MATCH = YES;
				COPY_PHASE_STRIP = NO;
				DEBUG_INFORMATION_FORMAT = "dwarf-with-dsym";
				ENABLE_NS_ASSERTIONS = NO;
				ENABLE_STRICT_OBJC_MSGSEND = YES;
				ENABLE_USER_SCRIPT_SANDBOXING = YES;
				GCC_C_LANGUAGE_STANDARD = gnu17;
				GCC_NO_COMMON_BLOCKS = YES;
				GCC_WARN_64_TO_32_BIT_CONVERSION = YES;
				GCC_WARN_ABOUT_RETURN_TYPE = YES_ERROR;
				GCC_WARN_UNDECLARED_SELECTOR = YES;
				GCC_WARN_UNINITIALIZED_AUTOS = YES_AGGRESSIVE;
				GCC_WARN_UNUSED_FUNCTION = YES;
				GCC_WARN_UNUSED_VARIABLE = YES;
				IPHONEOS_DEPLOYMENT_TARGET = 18.0;
				LOCALIZATION_PREFERS_STRING_CATALOGS = YES;
				MTL_ENABLE_DEBUG_INFO = NO;
				MTL_FAST_MATH = YES;
				SDKROOT = iphoneos;
				SWIFT_COMPILATION_MODE = wholemodule;
				VALIDATE_PRODUCT = YES;
			};
			name = Release;
		};
		7BD8539E2CC030DD00A938E6 /* Debug */ = {
			isa = XCBuildConfiguration;
			buildSettings = {
				ASSETCATALOG_COMPILER_APPICON_NAME = AppIcon;
				ASSETCATALOG_COMPILER_GLOBAL_ACCENT_COLOR_NAME = AccentColor;
				CODE_SIGN_STYLE = Automatic;
				CURRENT_PROJECT_VERSION = 1;
				DEVELOPMENT_ASSET_PATHS = "\"ImpossibleGrid/Preview Content\"";
				DEVELOPMENT_TEAM = J7JQJTT8YZ;
				ENABLE_PREVIEWS = YES;
				GENERATE_INFOPLIST_FILE = YES;
				INFOPLIST_KEY_UIApplicationSceneManifest_Generation = YES;
				INFOPLIST_KEY_UIApplicationSupportsIndirectInputEvents = YES;
				INFOPLIST_KEY_UILaunchScreen_Generation = YES;
				INFOPLIST_KEY_UISupportedInterfaceOrientations_iPad = "UIInterfaceOrientationPortrait UIInterfaceOrientationPortraitUpsideDown UIInterfaceOrientationLandscapeLeft UIInterfaceOrientationLandscapeRight";
				INFOPLIST_KEY_UISupportedInterfaceOrientations_iPhone = "UIInterfaceOrientationPortrait UIInterfaceOrientationLandscapeLeft UIInterfaceOrientationLandscapeRight";
				LD_RUNPATH_SEARCH_PATHS = (
					"$(inherited)",
					"@executable_path/Frameworks",
				);
				MARKETING_VERSION = 1.0;
				PRODUCT_BUNDLE_IDENTIFIER = gstv.ImpossibleGrid;
				PRODUCT_NAME = "$(TARGET_NAME)";
				SWIFT_EMIT_LOC_STRINGS = YES;
				SWIFT_VERSION = 5.0;
				TARGETED_DEVICE_FAMILY = "1,2";
			};
			name = Debug;
		};
		7BD8539F2CC030DD00A938E6 /* Release */ = {
			isa = XCBuildConfiguration;
			buildSettings = {
				ASSETCATALOG_COMPILER_APPICON_NAME = AppIcon;
				ASSETCATALOG_COMPILER_GLOBAL_ACCENT_COLOR_NAME = AccentColor;
				CODE_SIGN_STYLE = Automatic;
				CURRENT_PROJECT_VERSION = 1;
				DEVELOPMENT_ASSET_PATHS = "\"ImpossibleGrid/Preview Content\"";
				DEVELOPMENT_TEAM = J7JQJTT8YZ;
				ENABLE_PREVIEWS = YES;
				GENERATE_INFOPLIST_FILE = YES;
				INFOPLIST_KEY_UIApplicationSceneManifest_Generation = YES;
				INFOPLIST_KEY_UIApplicationSupportsIndirectInputEvents = YES;
				INFOPLIST_KEY_UILaunchScreen_Generation = YES;
				INFOPLIST_KEY_UISupportedInterfaceOrientations_iPad = "UIInterfaceOrientationPortrait UIInterfaceOrientationPortraitUpsideDown UIInterfaceOrientationLandscapeLeft UIInterfaceOrientationLandscapeRight";
				INFOPLIST_KEY_UISupportedInterfaceOrientations_iPhone = "UIInterfaceOrientationPortrait UIInterfaceOrientationLandscapeLeft UIInterfaceOrientationLandscapeRight";
				LD_RUNPATH_SEARCH_PATHS = (
					"$(inherited)",
					"@executable_path/Frameworks",
				);
				MARKETING_VERSION = 1.0;
				PRODUCT_BUNDLE_IDENTIFIER = gstv.ImpossibleGrid;
				PRODUCT_NAME = "$(TARGET_NAME)";
				SWIFT_EMIT_LOC_STRINGS = YES;
				SWIFT_VERSION = 5.0;
				TARGETED_DEVICE_FAMILY = "1,2";
			};
			name = Release;
		};
		7BD853A12CC030DD00A938E6 /* Debug */ = {
			isa = XCBuildConfiguration;
			buildSettings = {
				BUNDLE_LOADER = "$(TEST_HOST)";
				CODE_SIGN_STYLE = Automatic;
				CURRENT_PROJECT_VERSION = 1;
				DEVELOPMENT_TEAM = J7JQJTT8YZ;
				GENERATE_INFOPLIST_FILE = YES;
				IPHONEOS_DEPLOYMENT_TARGET = 18.0;
				MARKETING_VERSION = 1.0;
				PRODUCT_BUNDLE_IDENTIFIER = gstv.ImpossibleGridTests;
				PRODUCT_NAME = "$(TARGET_NAME)";
				SWIFT_EMIT_LOC_STRINGS = NO;
				SWIFT_VERSION = 5.0;
				TARGETED_DEVICE_FAMILY = "1,2";
				TEST_HOST = "$(BUILT_PRODUCTS_DIR)/ImpossibleGrid.app/$(BUNDLE_EXECUTABLE_FOLDER_PATH)/ImpossibleGrid";
			};
			name = Debug;
		};
		7BD853A22CC030DD00A938E6 /* Release */ = {
			isa = XCBuildConfiguration;
			buildSettings = {
				BUNDLE_LOADER = "$(TEST_HOST)";
				CODE_SIGN_STYLE = Automatic;
				CURRENT_PROJECT_VERSION = 1;
				DEVELOPMENT_TEAM = J7JQJTT8YZ;
				GENERATE_INFOPLIST_FILE = YES;
				IPHONEOS_DEPLOYMENT_TARGET = 18.0;
				MARKETING_VERSION = 1.0;
				PRODUCT_BUNDLE_IDENTIFIER = gstv.ImpossibleGridTests;
				PRODUCT_NAME = "$(TARGET_NAME)";
				SWIFT_EMIT_LOC_STRINGS = NO;
				SWIFT_VERSION = 5.0;
				TARGETED_DEVICE_FAMILY = "1,2";
				TEST_HOST = "$(BUILT_PRODUCTS_DIR)/ImpossibleGrid.app/$(BUNDLE_EXECUTABLE_FOLDER_PATH)/ImpossibleGrid";
			};
			name = Release;
		};
		7BD853A42CC030DD00A938E6 /* Debug */ = {
			isa = XCBuildConfiguration;
			buildSettings = {
				CODE_SIGN_STYLE = Automatic;
				CURRENT_PROJECT_VERSION = 1;
				DEVELOPMENT_TEAM = J7JQJTT8YZ;
				GENERATE_INFOPLIST_FILE = YES;
				MARKETING_VERSION = 1.0;
				PRODUCT_BUNDLE_IDENTIFIER = gstv.ImpossibleGridUITests;
				PRODUCT_NAME = "$(TARGET_NAME)";
				SWIFT_EMIT_LOC_STRINGS = NO;
				SWIFT_VERSION = 5.0;
				TARGETED_DEVICE_FAMILY = "1,2";
				TEST_TARGET_NAME = ImpossibleGrid;
			};
			name = Debug;
		};
		7BD853A52CC030DD00A938E6 /* Release */ = {
			isa = XCBuildConfiguration;
			buildSettings = {
				CODE_SIGN_STYLE = Automatic;
				CURRENT_PROJECT_VERSION = 1;
				DEVELOPMENT_TEAM = J7JQJTT8YZ;
				GENERATE_INFOPLIST_FILE = YES;
				MARKETING_VERSION = 1.0;
				PRODUCT_BUNDLE_IDENTIFIER = gstv.ImpossibleGridUITests;
				PRODUCT_NAME = "$(TARGET_NAME)";
				SWIFT_EMIT_LOC_STRINGS = NO;
				SWIFT_VERSION = 5.0;
				TARGETED_DEVICE_FAMILY = "1,2";
				TEST_TARGET_NAME = ImpossibleGrid;
			};
			name = Release;
		};
/* End XCBuildConfiguration section */

/* Begin XCConfigurationList section */
		7BD853742CC030DB00A938E6 /* Build configuration list for PBXProject "ImpossibleGrid" */ = {
			isa = XCConfigurationList;
			buildConfigurations = (
				7BD8539B2CC030DD00A938E6 /* Debug */,
				7BD8539C2CC030DD00A938E6 /* Release */,
			);
			defaultConfigurationIsVisible = 0;
			defaultConfigurationName = Release;
		};
		7BD8539D2CC030DD00A938E6 /* Build configuration list for PBXNativeTarget "ImpossibleGrid" */ = {
			isa = XCConfigurationList;
			buildConfigurations = (
				7BD8539E2CC030DD00A938E6 /* Debug */,
				7BD8539F2CC030DD00A938E6 /* Release */,
			);
			defaultConfigurationIsVisible = 0;
			defaultConfigurationName = Release;
		};
		7BD853A02CC030DD00A938E6 /* Build configuration list for PBXNativeTarget "ImpossibleGridTests" */ = {
			isa = XCConfigurationList;
			buildConfigurations = (
				7BD853A12CC030DD00A938E6 /* Debug */,
				7BD853A22CC030DD00A938E6 /* Release */,
			);
			defaultConfigurationIsVisible = 0;
			defaultConfigurationName = Release;
		};
		7BD853A32CC030DD00A938E6 /* Build configuration list for PBXNativeTarget "ImpossibleGridUITests" */ = {
			isa = XCConfigurationList;
			buildConfigurations = (
				7BD853A42CC030DD00A938E6 /* Debug */,
				7BD853A52CC030DD00A938E6 /* Release */,
			);
			defaultConfigurationIsVisible = 0;
			defaultConfigurationName = Release;
		};
/* End XCConfigurationList section */
	};
	rootObject = 7BD853712CC030DB00A938E6 /* Project object */;
}
